
Microsoft Visual Studio Solution File, Format Version 12.00
# Visual Studio 2013
VisualStudioVersion = 12.0.31101.0
MinimumVisualStudioVersion = 10.0.40219.1
Project("{FAE04EC0-301F-11D3-BF4B-00C04F79EFBC}") = "SQLite.Net.Cipher", "SQLite.Net.Cipher\SQLite.Net.Cipher.csproj", "{58E0BEBE-B558-4F4A-B050-150E21BF71F0}"
EndProject
Project("{2150E333-8FDC-42A3-9474-1A3956D46DE8}") = "Samples", "Samples", "{9F7C83BE-E87F-46A1-B413-66743A65B07D}"
EndProject
Project("{2150E333-8FDC-42A3-9474-1A3956D46DE8}") = "Tests", "Tests", "{9062CB09-924D-42DB-BEE0-06A3604F2C1B}"
EndProject
Project("{FAE04EC0-301F-11D3-BF4B-00C04F79EFBC}") = "SQLiteNetCipher.Sample", "SQLiteNetCipher.Sample\SQLiteNetCipher.Sample.csproj", "{A2EE729C-DD24-415F-82A1-7B206F024652}"
EndProject
Project("{2150E333-8FDC-42A3-9474-1A3956D46DE8}") = "SQLiteNetCipher.Windows.Sample", "SQLiteNetCipher.Windows.Sample", "{4CB0F937-7711-404D-B3E4-4476C95C9001}"
EndProject
Project("{D954291E-2A0B-460D-934E-DC6B0785DB48}") = "SQLiteNetCipher.Windows.Sample.Shared", "SQLiteNetCipher.Windows.Sample\SQLiteNetCipher.Windows.Sample.Shared\SQLiteNetCipher.Windows.Sample.Shared.shproj", "{F5DABB50-C2F7-4F1B-B810-EF4420CBE2A6}"
EndProject
Project("{FAE04EC0-301F-11D3-BF4B-00C04F79EFBC}") = "SQLiteNetCipher.Windows.Sample.Windows", "SQLiteNetCipher.Windows.Sample\SQLiteNetCipher.Windows.Sample.Windows\SQLiteNetCipher.Windows.Sample.Windows.csproj", "{77214976-B9E2-4739-925A-78FB8F8388F3}"
EndProject
Project("{FAE04EC0-301F-11D3-BF4B-00C04F79EFBC}") = "SQLiteNetCipher.Windows.Sample.WindowsPhone", "SQLiteNetCipher.Windows.Sample\SQLiteNetCipher.Windows.Sample.WindowsPhone\SQLiteNetCipher.Windows.Sample.WindowsPhone.csproj", "{DE58CCBA-6C0A-461D-B6E4-9426B04D9021}"
EndProject
Global
	GlobalSection(SharedMSBuildProjectFiles) = preSolution
		SQLiteNetCipher.Windows.Sample\SQLiteNetCipher.Windows.Sample.Shared\SQLiteNetCipher.Windows.Sample.Shared.projitems*{77214976-b9e2-4739-925a-78fb8f8388f3}*SharedItemsImports = 4
		SQLiteNetCipher.Windows.Sample\SQLiteNetCipher.Windows.Sample.Shared\SQLiteNetCipher.Windows.Sample.Shared.projitems*{f5dabb50-c2f7-4f1b-b810-ef4420cbe2a6}*SharedItemsImports = 13
		SQLiteNetCipher.Windows.Sample\SQLiteNetCipher.Windows.Sample.Shared\SQLiteNetCipher.Windows.Sample.Shared.projitems*{de58ccba-6c0a-461d-b6e4-9426b04d9021}*SharedItemsImports = 4
	EndGlobalSection
	GlobalSection(SolutionConfigurationPlatforms) = preSolution
		Ad-Hoc|Any CPU = Ad-Hoc|Any CPU
		Ad-Hoc|ARM = Ad-Hoc|ARM
		Ad-Hoc|iPhone = Ad-Hoc|iPhone
		Ad-Hoc|iPhoneSimulator = Ad-Hoc|iPhoneSimulator
		Ad-Hoc|Mixed Platforms = Ad-Hoc|Mixed Platforms
		Ad-Hoc|x64 = Ad-Hoc|x64
		Ad-Hoc|x86 = Ad-Hoc|x86
		AppStore|Any CPU = AppStore|Any CPU
		AppStore|ARM = AppStore|ARM
		AppStore|iPhone = AppStore|iPhone
		AppStore|iPhoneSimulator = AppStore|iPhoneSimulator
		AppStore|Mixed Platforms = AppStore|Mixed Platforms
		AppStore|x64 = AppStore|x64
		AppStore|x86 = AppStore|x86
		Debug|Any CPU = Debug|Any CPU
		Debug|ARM = Debug|ARM
		Debug|iPhone = Debug|iPhone
		Debug|iPhoneSimulator = Debug|iPhoneSimulator
		Debug|Mixed Platforms = Debug|Mixed Platforms
		Debug|x64 = Debug|x64
		Debug|x86 = Debug|x86
		Release|Any CPU = Release|Any CPU
		Release|ARM = Release|ARM
		Release|iPhone = Release|iPhone
		Release|iPhoneSimulator = Release|iPhoneSimulator
		Release|Mixed Platforms = Release|Mixed Platforms
		Release|x64 = Release|x64
		Release|x86 = Release|x86
	EndGlobalSection
	GlobalSection(ProjectConfigurationPlatforms) = postSolution
		{58E0BEBE-B558-4F4A-B050-150E21BF71F0}.Ad-Hoc|Any CPU.ActiveCfg = Release|Any CPU
		{58E0BEBE-B558-4F4A-B050-150E21BF71F0}.Ad-Hoc|Any CPU.Build.0 = Release|Any CPU
		{58E0BEBE-B558-4F4A-B050-150E21BF71F0}.Ad-Hoc|ARM.ActiveCfg = Debug|Any CPU
		{58E0BEBE-B558-4F4A-B050-150E21BF71F0}.Ad-Hoc|iPhone.ActiveCfg = Release|Any CPU
		{58E0BEBE-B558-4F4A-B050-150E21BF71F0}.Ad-Hoc|iPhoneSimulator.ActiveCfg = Release|Any CPU
		{58E0BEBE-B558-4F4A-B050-150E21BF71F0}.Ad-Hoc|Mixed Platforms.ActiveCfg = Release|Any CPU
		{58E0BEBE-B558-4F4A-B050-150E21BF71F0}.Ad-Hoc|Mixed Platforms.Build.0 = Release|Any CPU
		{58E0BEBE-B558-4F4A-B050-150E21BF71F0}.Ad-Hoc|x64.ActiveCfg = Debug|Any CPU
		{58E0BEBE-B558-4F4A-B050-150E21BF71F0}.Ad-Hoc|x86.ActiveCfg = Debug|Any CPU
		{58E0BEBE-B558-4F4A-B050-150E21BF71F0}.AppStore|Any CPU.ActiveCfg = Release|Any CPU
		{58E0BEBE-B558-4F4A-B050-150E21BF71F0}.AppStore|Any CPU.Build.0 = Release|Any CPU
		{58E0BEBE-B558-4F4A-B050-150E21BF71F0}.AppStore|ARM.ActiveCfg = Debug|Any CPU
		{58E0BEBE-B558-4F4A-B050-150E21BF71F0}.AppStore|iPhone.ActiveCfg = Release|Any CPU
		{58E0BEBE-B558-4F4A-B050-150E21BF71F0}.AppStore|iPhoneSimulator.ActiveCfg = Release|Any CPU
		{58E0BEBE-B558-4F4A-B050-150E21BF71F0}.AppStore|Mixed Platforms.ActiveCfg = Release|Any CPU
		{58E0BEBE-B558-4F4A-B050-150E21BF71F0}.AppStore|Mixed Platforms.Build.0 = Release|Any CPU
		{58E0BEBE-B558-4F4A-B050-150E21BF71F0}.AppStore|x64.ActiveCfg = Debug|Any CPU
		{58E0BEBE-B558-4F4A-B050-150E21BF71F0}.AppStore|x86.ActiveCfg = Debug|Any CPU
		{58E0BEBE-B558-4F4A-B050-150E21BF71F0}.Debug|Any CPU.ActiveCfg = Debug|Any CPU
		{58E0BEBE-B558-4F4A-B050-150E21BF71F0}.Debug|Any CPU.Build.0 = Debug|Any CPU
		{58E0BEBE-B558-4F4A-B050-150E21BF71F0}.Debug|ARM.ActiveCfg = Debug|Any CPU
		{58E0BEBE-B558-4F4A-B050-150E21BF71F0}.Debug|iPhone.ActiveCfg = Debug|Any CPU
		{58E0BEBE-B558-4F4A-B050-150E21BF71F0}.Debug|iPhoneSimulator.ActiveCfg = Debug|Any CPU
		{58E0BEBE-B558-4F4A-B050-150E21BF71F0}.Debug|Mixed Platforms.ActiveCfg = Debug|Any CPU
		{58E0BEBE-B558-4F4A-B050-150E21BF71F0}.Debug|Mixed Platforms.Build.0 = Debug|Any CPU
		{58E0BEBE-B558-4F4A-B050-150E21BF71F0}.Debug|x64.ActiveCfg = Debug|Any CPU
		{58E0BEBE-B558-4F4A-B050-150E21BF71F0}.Debug|x86.ActiveCfg = Debug|Any CPU
		{58E0BEBE-B558-4F4A-B050-150E21BF71F0}.Release|Any CPU.ActiveCfg = Release|Any CPU
		{58E0BEBE-B558-4F4A-B050-150E21BF71F0}.Release|Any CPU.Build.0 = Release|Any CPU
		{58E0BEBE-B558-4F4A-B050-150E21BF71F0}.Release|ARM.ActiveCfg = Release|Any CPU
		{58E0BEBE-B558-4F4A-B050-150E21BF71F0}.Release|iPhone.ActiveCfg = Release|Any CPU
		{58E0BEBE-B558-4F4A-B050-150E21BF71F0}.Release|iPhoneSimulator.ActiveCfg = Release|Any CPU
		{58E0BEBE-B558-4F4A-B050-150E21BF71F0}.Release|Mixed Platforms.ActiveCfg = Release|Any CPU
		{58E0BEBE-B558-4F4A-B050-150E21BF71F0}.Release|Mixed Platforms.Build.0 = Release|Any CPU
		{58E0BEBE-B558-4F4A-B050-150E21BF71F0}.Release|x64.ActiveCfg = Release|Any CPU
		{58E0BEBE-B558-4F4A-B050-150E21BF71F0}.Release|x86.ActiveCfg = Release|Any CPU
		{A2EE729C-DD24-415F-82A1-7B206F024652}.Ad-Hoc|Any CPU.ActiveCfg = Ad-Hoc|iPhone
		{A2EE729C-DD24-415F-82A1-7B206F024652}.Ad-Hoc|ARM.ActiveCfg = Ad-Hoc|iPhoneSimulator
		{A2EE729C-DD24-415F-82A1-7B206F024652}.Ad-Hoc|iPhone.ActiveCfg = Ad-Hoc|iPhone
		{A2EE729C-DD24-415F-82A1-7B206F024652}.Ad-Hoc|iPhone.Build.0 = Ad-Hoc|iPhone
		{A2EE729C-DD24-415F-82A1-7B206F024652}.Ad-Hoc|iPhoneSimulator.ActiveCfg = Ad-Hoc|iPhoneSimulator
		{A2EE729C-DD24-415F-82A1-7B206F024652}.Ad-Hoc|iPhoneSimulator.Build.0 = Ad-Hoc|iPhoneSimulator
		{A2EE729C-DD24-415F-82A1-7B206F024652}.Ad-Hoc|Mixed Platforms.ActiveCfg = Ad-Hoc|iPhone
		{A2EE729C-DD24-415F-82A1-7B206F024652}.Ad-Hoc|Mixed Platforms.Build.0 = Ad-Hoc|iPhone
		{A2EE729C-DD24-415F-82A1-7B206F024652}.Ad-Hoc|x64.ActiveCfg = Ad-Hoc|iPhoneSimulator
		{A2EE729C-DD24-415F-82A1-7B206F024652}.Ad-Hoc|x86.ActiveCfg = Ad-Hoc|iPhoneSimulator
		{A2EE729C-DD24-415F-82A1-7B206F024652}.AppStore|Any CPU.ActiveCfg = AppStore|iPhone
		{A2EE729C-DD24-415F-82A1-7B206F024652}.AppStore|ARM.ActiveCfg = AppStore|iPhoneSimulator
		{A2EE729C-DD24-415F-82A1-7B206F024652}.AppStore|iPhone.ActiveCfg = AppStore|iPhone
		{A2EE729C-DD24-415F-82A1-7B206F024652}.AppStore|iPhone.Build.0 = AppStore|iPhone
		{A2EE729C-DD24-415F-82A1-7B206F024652}.AppStore|iPhoneSimulator.ActiveCfg = AppStore|iPhoneSimulator
		{A2EE729C-DD24-415F-82A1-7B206F024652}.AppStore|iPhoneSimulator.Build.0 = AppStore|iPhoneSimulator
		{A2EE729C-DD24-415F-82A1-7B206F024652}.AppStore|Mixed Platforms.ActiveCfg = AppStore|iPhone
		{A2EE729C-DD24-415F-82A1-7B206F024652}.AppStore|Mixed Platforms.Build.0 = AppStore|iPhone
		{A2EE729C-DD24-415F-82A1-7B206F024652}.AppStore|x64.ActiveCfg = AppStore|iPhoneSimulator
		{A2EE729C-DD24-415F-82A1-7B206F024652}.AppStore|x86.ActiveCfg = AppStore|iPhoneSimulator
		{A2EE729C-DD24-415F-82A1-7B206F024652}.Debug|Any CPU.ActiveCfg = Debug|iPhone
		{A2EE729C-DD24-415F-82A1-7B206F024652}.Debug|ARM.ActiveCfg = Debug|iPhoneSimulator
		{A2EE729C-DD24-415F-82A1-7B206F024652}.Debug|iPhone.ActiveCfg = Debug|iPhone
		{A2EE729C-DD24-415F-82A1-7B206F024652}.Debug|iPhone.Build.0 = Debug|iPhone
		{A2EE729C-DD24-415F-82A1-7B206F024652}.Debug|iPhoneSimulator.ActiveCfg = Debug|iPhoneSimulator
		{A2EE729C-DD24-415F-82A1-7B206F024652}.Debug|iPhoneSimulator.Build.0 = Debug|iPhoneSimulator
		{A2EE729C-DD24-415F-82A1-7B206F024652}.Debug|Mixed Platforms.ActiveCfg = Debug|iPhone
		{A2EE729C-DD24-415F-82A1-7B206F024652}.Debug|Mixed Platforms.Build.0 = Debug|iPhone
		{A2EE729C-DD24-415F-82A1-7B206F024652}.Debug|x64.ActiveCfg = Debug|iPhoneSimulator
		{A2EE729C-DD24-415F-82A1-7B206F024652}.Debug|x86.ActiveCfg = Debug|iPhoneSimulator
		{A2EE729C-DD24-415F-82A1-7B206F024652}.Release|Any CPU.ActiveCfg = Release|iPhone
		{A2EE729C-DD24-415F-82A1-7B206F024652}.Release|ARM.ActiveCfg = Release|iPhoneSimulator
		{A2EE729C-DD24-415F-82A1-7B206F024652}.Release|iPhone.ActiveCfg = Release|iPhone
		{A2EE729C-DD24-415F-82A1-7B206F024652}.Release|iPhone.Build.0 = Release|iPhone
		{A2EE729C-DD24-415F-82A1-7B206F024652}.Release|iPhoneSimulator.ActiveCfg = Release|iPhoneSimulator
		{A2EE729C-DD24-415F-82A1-7B206F024652}.Release|iPhoneSimulator.Build.0 = Release|iPhoneSimulator
		{A2EE729C-DD24-415F-82A1-7B206F024652}.Release|Mixed Platforms.ActiveCfg = Release|iPhone
		{A2EE729C-DD24-415F-82A1-7B206F024652}.Release|Mixed Platforms.Build.0 = Release|iPhone
		{A2EE729C-DD24-415F-82A1-7B206F024652}.Release|x64.ActiveCfg = Release|iPhoneSimulator
		{A2EE729C-DD24-415F-82A1-7B206F024652}.Release|x86.ActiveCfg = Release|iPhoneSimulator
		{77214976-B9E2-4739-925A-78FB8F8388F3}.Ad-Hoc|Any CPU.ActiveCfg = Release|Any CPU
		{77214976-B9E2-4739-925A-78FB8F8388F3}.Ad-Hoc|Any CPU.Build.0 = Release|Any CPU
		{77214976-B9E2-4739-925A-78FB8F8388F3}.Ad-Hoc|Any CPU.Deploy.0 = Release|Any CPU
		{77214976-B9E2-4739-925A-78FB8F8388F3}.Ad-Hoc|ARM.ActiveCfg = Release|ARM
		{77214976-B9E2-4739-925A-78FB8F8388F3}.Ad-Hoc|ARM.Build.0 = Release|ARM
		{77214976-B9E2-4739-925A-78FB8F8388F3}.Ad-Hoc|ARM.Deploy.0 = Release|ARM
		{77214976-B9E2-4739-925A-78FB8F8388F3}.Ad-Hoc|iPhone.ActiveCfg = Release|Any CPU
		{77214976-B9E2-4739-925A-78FB8F8388F3}.Ad-Hoc|iPhoneSimulator.ActiveCfg = Release|Any CPU
		{77214976-B9E2-4739-925A-78FB8F8388F3}.Ad-Hoc|Mixed Platforms.ActiveCfg = Release|x86
		{77214976-B9E2-4739-925A-78FB8F8388F3}.Ad-Hoc|Mixed Platforms.Build.0 = Release|x86
		{77214976-B9E2-4739-925A-78FB8F8388F3}.Ad-Hoc|Mixed Platforms.Deploy.0 = Release|x86
		{77214976-B9E2-4739-925A-78FB8F8388F3}.Ad-Hoc|x64.ActiveCfg = Release|x64
		{77214976-B9E2-4739-925A-78FB8F8388F3}.Ad-Hoc|x64.Build.0 = Release|x64
		{77214976-B9E2-4739-925A-78FB8F8388F3}.Ad-Hoc|x64.Deploy.0 = Release|x64
		{77214976-B9E2-4739-925A-78FB8F8388F3}.Ad-Hoc|x86.ActiveCfg = Release|x86
		{77214976-B9E2-4739-925A-78FB8F8388F3}.Ad-Hoc|x86.Build.0 = Release|x86
		{77214976-B9E2-4739-925A-78FB8F8388F3}.Ad-Hoc|x86.Deploy.0 = Release|x86
		{77214976-B9E2-4739-925A-78FB8F8388F3}.AppStore|Any CPU.ActiveCfg = Release|Any CPU
		{77214976-B9E2-4739-925A-78FB8F8388F3}.AppStore|Any CPU.Build.0 = Release|Any CPU
		{77214976-B9E2-4739-925A-78FB8F8388F3}.AppStore|Any CPU.Deploy.0 = Release|Any CPU
		{77214976-B9E2-4739-925A-78FB8F8388F3}.AppStore|ARM.ActiveCfg = Release|ARM
		{77214976-B9E2-4739-925A-78FB8F8388F3}.AppStore|ARM.Build.0 = Release|ARM
		{77214976-B9E2-4739-925A-78FB8F8388F3}.AppStore|ARM.Deploy.0 = Release|ARM
		{77214976-B9E2-4739-925A-78FB8F8388F3}.AppStore|iPhone.ActiveCfg = Release|Any CPU
		{77214976-B9E2-4739-925A-78FB8F8388F3}.AppStore|iPhoneSimulator.ActiveCfg = Release|Any CPU
		{77214976-B9E2-4739-925A-78FB8F8388F3}.AppStore|Mixed Platforms.ActiveCfg = Release|x86
		{77214976-B9E2-4739-925A-78FB8F8388F3}.AppStore|Mixed Platforms.Build.0 = Release|x86
		{77214976-B9E2-4739-925A-78FB8F8388F3}.AppStore|Mixed Platforms.Deploy.0 = Release|x86
		{77214976-B9E2-4739-925A-78FB8F8388F3}.AppStore|x64.ActiveCfg = Release|x64
		{77214976-B9E2-4739-925A-78FB8F8388F3}.AppStore|x64.Build.0 = Release|x64
		{77214976-B9E2-4739-925A-78FB8F8388F3}.AppStore|x64.Deploy.0 = Release|x64
		{77214976-B9E2-4739-925A-78FB8F8388F3}.AppStore|x86.ActiveCfg = Release|x86
		{77214976-B9E2-4739-925A-78FB8F8388F3}.AppStore|x86.Build.0 = Release|x86
		{77214976-B9E2-4739-925A-78FB8F8388F3}.AppStore|x86.Deploy.0 = Release|x86
		{77214976-B9E2-4739-925A-78FB8F8388F3}.Debug|Any CPU.ActiveCfg = Debug|Any CPU
		{77214976-B9E2-4739-925A-78FB8F8388F3}.Debug|Any CPU.Build.0 = Debug|Any CPU
		{77214976-B9E2-4739-925A-78FB8F8388F3}.Debug|Any CPU.Deploy.0 = Debug|Any CPU
		{77214976-B9E2-4739-925A-78FB8F8388F3}.Debug|ARM.ActiveCfg = Debug|ARM
		{77214976-B9E2-4739-925A-78FB8F8388F3}.Debug|ARM.Build.0 = Debug|ARM
		{77214976-B9E2-4739-925A-78FB8F8388F3}.Debug|ARM.Deploy.0 = Debug|ARM
		{77214976-B9E2-4739-925A-78FB8F8388F3}.Debug|iPhone.ActiveCfg = Debug|Any CPU
		{77214976-B9E2-4739-925A-78FB8F8388F3}.Debug|iPhoneSimulator.ActiveCfg = Debug|Any CPU
		{77214976-B9E2-4739-925A-78FB8F8388F3}.Debug|Mixed Platforms.ActiveCfg = Debug|x86
		{77214976-B9E2-4739-925A-78FB8F8388F3}.Debug|Mixed Platforms.Build.0 = Debug|x86
		{77214976-B9E2-4739-925A-78FB8F8388F3}.Debug|Mixed Platforms.Deploy.0 = Debug|x86
		{77214976-B9E2-4739-925A-78FB8F8388F3}.Debug|x64.ActiveCfg = Debug|x64
		{77214976-B9E2-4739-925A-78FB8F8388F3}.Debug|x64.Build.0 = Debug|x64
		{77214976-B9E2-4739-925A-78FB8F8388F3}.Debug|x64.Deploy.0 = Debug|x64
		{77214976-B9E2-4739-925A-78FB8F8388F3}.Debug|x86.ActiveCfg = Debug|x86
		{77214976-B9E2-4739-925A-78FB8F8388F3}.Debug|x86.Build.0 = Debug|x86
		{77214976-B9E2-4739-925A-78FB8F8388F3}.Debug|x86.Deploy.0 = Debug|x86
		{77214976-B9E2-4739-925A-78FB8F8388F3}.Release|Any CPU.ActiveCfg = Release|Any CPU
		{77214976-B9E2-4739-925A-78FB8F8388F3}.Release|Any CPU.Build.0 = Release|Any CPU
		{77214976-B9E2-4739-925A-78FB8F8388F3}.Release|Any CPU.Deploy.0 = Release|Any CPU
		{77214976-B9E2-4739-925A-78FB8F8388F3}.Release|ARM.ActiveCfg = Release|ARM
		{77214976-B9E2-4739-925A-78FB8F8388F3}.Release|ARM.Build.0 = Release|ARM
		{77214976-B9E2-4739-925A-78FB8F8388F3}.Release|ARM.Deploy.0 = Release|ARM
		{77214976-B9E2-4739-925A-78FB8F8388F3}.Release|iPhone.ActiveCfg = Release|Any CPU
		{77214976-B9E2-4739-925A-78FB8F8388F3}.Release|iPhoneSimulator.ActiveCfg = Release|Any CPU
		{77214976-B9E2-4739-925A-78FB8F8388F3}.Release|Mixed Platforms.ActiveCfg = Release|x86
		{77214976-B9E2-4739-925A-78FB8F8388F3}.Release|Mixed Platforms.Build.0 = Release|x86
		{77214976-B9E2-4739-925A-78FB8F8388F3}.Release|Mixed Platforms.Deploy.0 = Release|x86
		{77214976-B9E2-4739-925A-78FB8F8388F3}.Release|x64.ActiveCfg = Release|x64
		{77214976-B9E2-4739-925A-78FB8F8388F3}.Release|x64.Build.0 = Release|x64
		{77214976-B9E2-4739-925A-78FB8F8388F3}.Release|x64.Deploy.0 = Release|x64
		{77214976-B9E2-4739-925A-78FB8F8388F3}.Release|x86.ActiveCfg = Release|x86
		{77214976-B9E2-4739-925A-78FB8F8388F3}.Release|x86.Build.0 = Release|x86
		{77214976-B9E2-4739-925A-78FB8F8388F3}.Release|x86.Deploy.0 = Release|x86
		{DE58CCBA-6C0A-461D-B6E4-9426B04D9021}.Ad-Hoc|Any CPU.ActiveCfg = Release|Any CPU
		{DE58CCBA-6C0A-461D-B6E4-9426B04D9021}.Ad-Hoc|Any CPU.Build.0 = Release|Any CPU
		{DE58CCBA-6C0A-461D-B6E4-9426B04D9021}.Ad-Hoc|Any CPU.Deploy.0 = Release|Any CPU
		{DE58CCBA-6C0A-461D-B6E4-9426B04D9021}.Ad-Hoc|ARM.ActiveCfg = Release|ARM
		{DE58CCBA-6C0A-461D-B6E4-9426B04D9021}.Ad-Hoc|ARM.Build.0 = Release|ARM
		{DE58CCBA-6C0A-461D-B6E4-9426B04D9021}.Ad-Hoc|ARM.Deploy.0 = Release|ARM
		{DE58CCBA-6C0A-461D-B6E4-9426B04D9021}.Ad-Hoc|iPhone.ActiveCfg = Release|Any CPU
		{DE58CCBA-6C0A-461D-B6E4-9426B04D9021}.Ad-Hoc|iPhoneSimulator.ActiveCfg = Release|Any CPU
		{DE58CCBA-6C0A-461D-B6E4-9426B04D9021}.Ad-Hoc|Mixed Platforms.ActiveCfg = Release|x86
		{DE58CCBA-6C0A-461D-B6E4-9426B04D9021}.Ad-Hoc|Mixed Platforms.Build.0 = Release|x86
		{DE58CCBA-6C0A-461D-B6E4-9426B04D9021}.Ad-Hoc|Mixed Platforms.Deploy.0 = Release|x86
		{DE58CCBA-6C0A-461D-B6E4-9426B04D9021}.Ad-Hoc|x64.ActiveCfg = Release|Any CPU
		{DE58CCBA-6C0A-461D-B6E4-9426B04D9021}.Ad-Hoc|x86.ActiveCfg = Release|x86
		{DE58CCBA-6C0A-461D-B6E4-9426B04D9021}.Ad-Hoc|x86.Build.0 = Release|x86
		{DE58CCBA-6C0A-461D-B6E4-9426B04D9021}.Ad-Hoc|x86.Deploy.0 = Release|x86
		{DE58CCBA-6C0A-461D-B6E4-9426B04D9021}.AppStore|Any CPU.ActiveCfg = Release|Any CPU
		{DE58CCBA-6C0A-461D-B6E4-9426B04D9021}.AppStore|Any CPU.Build.0 = Release|Any CPU
		{DE58CCBA-6C0A-461D-B6E4-9426B04D9021}.AppStore|Any CPU.Deploy.0 = Release|Any CPU
		{DE58CCBA-6C0A-461D-B6E4-9426B04D9021}.AppStore|ARM.ActiveCfg = Release|ARM
		{DE58CCBA-6C0A-461D-B6E4-9426B04D9021}.AppStore|ARM.Build.0 = Release|ARM
		{DE58CCBA-6C0A-461D-B6E4-9426B04D9021}.AppStore|ARM.Deploy.0 = Release|ARM
		{DE58CCBA-6C0A-461D-B6E4-9426B04D9021}.AppStore|iPhone.ActiveCfg = Release|Any CPU
		{DE58CCBA-6C0A-461D-B6E4-9426B04D9021}.AppStore|iPhoneSimulator.ActiveCfg = Release|Any CPU
		{DE58CCBA-6C0A-461D-B6E4-9426B04D9021}.AppStore|Mixed Platforms.ActiveCfg = Release|x86
		{DE58CCBA-6C0A-461D-B6E4-9426B04D9021}.AppStore|Mixed Platforms.Build.0 = Release|x86
		{DE58CCBA-6C0A-461D-B6E4-9426B04D9021}.AppStore|Mixed Platforms.Deploy.0 = Release|x86
		{DE58CCBA-6C0A-461D-B6E4-9426B04D9021}.AppStore|x64.ActiveCfg = Release|Any CPU
		{DE58CCBA-6C0A-461D-B6E4-9426B04D9021}.AppStore|x86.ActiveCfg = Release|x86
		{DE58CCBA-6C0A-461D-B6E4-9426B04D9021}.AppStore|x86.Build.0 = Release|x86
		{DE58CCBA-6C0A-461D-B6E4-9426B04D9021}.AppStore|x86.Deploy.0 = Release|x86
		{DE58CCBA-6C0A-461D-B6E4-9426B04D9021}.Debug|Any CPU.ActiveCfg = Debug|Any CPU
		{DE58CCBA-6C0A-461D-B6E4-9426B04D9021}.Debug|Any CPU.Build.0 = Debug|Any CPU
		{DE58CCBA-6C0A-461D-B6E4-9426B04D9021}.Debug|Any CPU.Deploy.0 = Debug|Any CPU
		{DE58CCBA-6C0A-461D-B6E4-9426B04D9021}.Debug|ARM.ActiveCfg = Debug|ARM
		{DE58CCBA-6C0A-461D-B6E4-9426B04D9021}.Debug|ARM.Build.0 = Debug|ARM
		{DE58CCBA-6C0A-461D-B6E4-9426B04D9021}.Debug|ARM.Deploy.0 = Debug|ARM
		{DE58CCBA-6C0A-461D-B6E4-9426B04D9021}.Debug|iPhone.ActiveCfg = Debug|Any CPU
		{DE58CCBA-6C0A-461D-B6E4-9426B04D9021}.Debug|iPhoneSimulator.ActiveCfg = Debug|Any CPU
		{DE58CCBA-6C0A-461D-B6E4-9426B04D9021}.Debug|Mixed Platforms.ActiveCfg = Debug|x86
		{DE58CCBA-6C0A-461D-B6E4-9426B04D9021}.Debug|Mixed Platforms.Build.0 = Debug|x86
		{DE58CCBA-6C0A-461D-B6E4-9426B04D9021}.Debug|Mixed Platforms.Deploy.0 = Debug|x86
		{DE58CCBA-6C0A-461D-B6E4-9426B04D9021}.Debug|x64.ActiveCfg = Debug|Any CPU
		{DE58CCBA-6C0A-461D-B6E4-9426B04D9021}.Debug|x86.ActiveCfg = Debug|x86
		{DE58CCBA-6C0A-461D-B6E4-9426B04D9021}.Debug|x86.Build.0 = Debug|x86
		{DE58CCBA-6C0A-461D-B6E4-9426B04D9021}.Debug|x86.Deploy.0 = Debug|x86
		{DE58CCBA-6C0A-461D-B6E4-9426B04D9021}.Release|Any CPU.ActiveCfg = Release|Any CPU
		{DE58CCBA-6C0A-461D-B6E4-9426B04D9021}.Release|Any CPU.Build.0 = Release|Any CPU
		{DE58CCBA-6C0A-461D-B6E4-9426B04D9021}.Release|Any CPU.Deploy.0 = Release|Any CPU
		{DE58CCBA-6C0A-461D-B6E4-9426B04D9021}.Release|ARM.ActiveCfg = Release|ARM
		{DE58CCBA-6C0A-461D-B6E4-9426B04D9021}.Release|ARM.Build.0 = Release|ARM
		{DE58CCBA-6C0A-461D-B6E4-9426B04D9021}.Release|ARM.Deploy.0 = Release|ARM
		{DE58CCBA-6C0A-461D-B6E4-9426B04D9021}.Release|iPhone.ActiveCfg = Release|Any CPU
		{DE58CCBA-6C0A-461D-B6E4-9426B04D9021}.Release|iPhoneSimulator.ActiveCfg = Release|Any CPU
		{DE58CCBA-6C0A-461D-B6E4-9426B04D9021}.Release|Mixed Platforms.ActiveCfg = Release|x86
		{DE58CCBA-6C0A-461D-B6E4-9426B04D9021}.Release|Mixed Platforms.Build.0 = Release|x86
		{DE58CCBA-6C0A-461D-B6E4-9426B04D9021}.Release|Mixed Platforms.Deploy.0 = Release|x86
		{DE58CCBA-6C0A-461D-B6E4-9426B04D9021}.Release|x64.ActiveCfg = Release|Any CPU
		{DE58CCBA-6C0A-461D-B6E4-9426B04D9021}.Release|x86.ActiveCfg = Release|x86
		{DE58CCBA-6C0A-461D-B6E4-9426B04D9021}.Release|x86.Build.0 = Release|x86
		{DE58CCBA-6C0A-461D-B6E4-9426B04D9021}.Release|x86.Deploy.0 = Release|x86
	EndGlobalSection
	GlobalSection(SolutionProperties) = preSolution
		HideSolutionNode = FALSE
	EndGlobalSection
	GlobalSection(NestedProjects) = preSolution
		{A2EE729C-DD24-415F-82A1-7B206F024652} = {9F7C83BE-E87F-46A1-B413-66743A65B07D}
		{4CB0F937-7711-404D-B3E4-4476C95C9001} = {9F7C83BE-E87F-46A1-B413-66743A65B07D}
		{F5DABB50-C2F7-4F1B-B810-EF4420CBE2A6} = {4CB0F937-7711-404D-B3E4-4476C95C9001}
		{77214976-B9E2-4739-925A-78FB8F8388F3} = {4CB0F937-7711-404D-B3E4-4476C95C9001}
		{DE58CCBA-6C0A-461D-B6E4-9426B04D9021} = {4CB0F937-7711-404D-B3E4-4476C95C9001}
	EndGlobalSection
EndGlobal
